
Microsoft Visual Studio Solution File, Format Version 12.00
# Visual Studio Version 17
VisualStudioVersion = 17.3.32922.545
MinimumVisualStudioVersion = 10.0.40219.1
Project("{FAE04EC0-301F-11D3-BF4B-00C04F79EFBC}") = "oop05_04", "oop05_04\oop05_04.csproj", "{CCBA772A-DC10-4B3B-B2AB-AEB92BD6C096}"
EndProject
Global
	GlobalSection(SolutionConfigurationPlatforms) = preSolution
		Debug|Any CPU = Debug|Any CPU
		Release|Any CPU = Release|Any CPU
	EndGlobalSection
	GlobalSection(ProjectConfigurationPlatforms) = postSolution
		{CCBA772A-DC10-4B3B-B2AB-AEB92BD6C096}.Debug|Any CPU.ActiveCfg = Debug|Any CPU
		{CCBA772A-DC10-4B3B-B2AB-AEB92BD6C096}.Debug|Any CPU.Build.0 = Debug|Any CPU
		{CCBA772A-DC10-4B3B-B2AB-AEB92BD6C096}.Release|Any CPU.ActiveCfg = Release|Any CPU
		{CCBA772A-DC10-4B3B-B2AB-AEB92BD6C096}.Release|Any CPU.Build.0 = Release|Any CPU
	EndGlobalSection
	GlobalSection(SolutionProperties) = preSolution
		HideSolutionNode = FALSE
	EndGlobalSection
	GlobalSection(ExtensibilityGlobals) = postSolution
		SolutionGuid = {D2BC1554-ED15-4731-8F31-92B540419A05}
	EndGlobalSection
EndGlobal
